# This file is automatically @generated by Cargo.
# It is not intended for manual editing.
version = 4

[[package]]
name = "ahash"
version = "0.8.12"
source = "registry+https://github.com/rust-lang/crates.io-index"
checksum = "5a15f179cd60c4584b8a8c596927aadc462e27f2ca70c04e0071964a73ba7a75"
dependencies = [
 "cfg-if",
 "once_cell",
 "version_check",
 "zerocopy",
]

[[package]]
name = "allocator-api2"
version = "0.2.21"
source = "registry+https://github.com/rust-lang/crates.io-index"
checksum = "683d7910e743518b0e34f1186f92494becacb047c7b6bf616c96772180fef923"

[[package]]
name = "ark-bn254"
version = "0.5.0"
source = "registry+https://github.com/rust-lang/crates.io-index"
checksum = "d69eab57e8d2663efa5c63135b2af4f396d66424f88954c21104125ab6b3e6bc"
dependencies = [
 "ark-ec",
 "ark-ff",
 "ark-std",
]

[[package]]
name = "ark-ec"
version = "0.5.0"
source = "registry+https://github.com/rust-lang/crates.io-index"
checksum = "43d68f2d516162846c1238e755a7c4d131b892b70cc70c471a8e3ca3ed818fce"
dependencies = [
 "ahash",
 "ark-ff",
 "ark-poly",
 "ark-serialize",
 "ark-std",
 "educe",
 "fnv",
 "hashbrown 0.15.5",
 "itertools",
 "num-bigint",
 "num-integer",
 "num-traits",
 "zeroize",
]

[[package]]
name = "ark-ff"
version = "0.5.0"
source = "registry+https://github.com/rust-lang/crates.io-index"
checksum = "a177aba0ed1e0fbb62aa9f6d0502e9b46dad8c2eab04c14258a1212d2557ea70"
dependencies = [
 "ark-ff-asm",
 "ark-ff-macros",
 "ark-serialize",
 "ark-std",
 "arrayvec",
 "digest",
 "educe",
 "itertools",
 "num-bigint",
 "num-traits",
 "paste",
 "zeroize",
]

[[package]]
name = "ark-ff-asm"
version = "0.5.0"
source = "registry+https://github.com/rust-lang/crates.io-index"
checksum = "62945a2f7e6de02a31fe400aa489f0e0f5b2502e69f95f853adb82a96c7a6b60"
dependencies = [
 "quote",
 "syn 2.0.114",
]

[[package]]
name = "ark-ff-macros"
version = "0.5.0"
source = "registry+https://github.com/rust-lang/crates.io-index"
checksum = "09be120733ee33f7693ceaa202ca41accd5653b779563608f1234f78ae07c4b3"
dependencies = [
 "num-bigint",
 "num-traits",
 "proc-macro2",
 "quote",
 "syn 2.0.114",
]

[[package]]
name = "ark-poly"
version = "0.5.0"
source = "registry+https://github.com/rust-lang/crates.io-index"
checksum = "579305839da207f02b89cd1679e50e67b4331e2f9294a57693e5051b7703fe27"
dependencies = [
 "ahash",
 "ark-ff",
 "ark-serialize",
 "ark-std",
 "educe",
 "fnv",
 "hashbrown 0.15.5",
]

[[package]]
name = "ark-serialize"
version = "0.5.0"
source = "registry+https://github.com/rust-lang/crates.io-index"
checksum = "3f4d068aaf107ebcd7dfb52bc748f8030e0fc930ac8e360146ca54c1203088f7"
dependencies = [
 "ark-serialize-derive",
 "ark-std",
 "arrayvec",
 "digest",
 "num-bigint",
]

[[package]]
name = "ark-serialize-derive"
version = "0.5.0"
source = "registry+https://github.com/rust-lang/crates.io-index"
checksum = "213888f660fddcca0d257e88e54ac05bca01885f258ccdf695bafd77031bb69d"
dependencies = [
 "proc-macro2",
 "quote",
 "syn 2.0.114",
]

[[package]]
name = "ark-std"
version = "0.5.0"
source = "registry+https://github.com/rust-lang/crates.io-index"
checksum = "246a225cc6131e9ee4f24619af0f19d67761fff15d7ccc22e42b80846e69449a"
dependencies = [
 "num-traits",
 "rand",
]

[[package]]
name = "arrayvec"
version = "0.7.6"
source = "registry+https://github.com/rust-lang/crates.io-index"
checksum = "7c02d123df017efcdfbd739ef81735b36c5ba83ec3c59c80a9d7ecc718f92e50"

[[package]]
name = "autocfg"
version = "1.5.0"
source = "registry+https://github.com/rust-lang/crates.io-index"
checksum = "c08606f8c3cbf4ce6ec8e28fb0014a2c086708fe954eaa885384a6165172e7e8"

[[package]]
name = "bitflags"
version = "2.10.0"
source = "registry+https://github.com/rust-lang/crates.io-index"
checksum = "812e12b5285cc515a9c72a5c1d3b6d46a19dac5acfef5265968c166106e31dd3"

[[package]]
name = "block-buffer"
version = "0.10.4"
source = "registry+https://github.com/rust-lang/crates.io-index"
checksum = "3078c7629b62d3f0439517fa394996acacc5cbc91c5a20d8c658e77abd503a71"
dependencies = [
 "generic-array",
]

[[package]]
name = "borsh"
version = "0.10.4"
source = "registry+https://github.com/rust-lang/crates.io-index"
checksum = "115e54d64eb62cdebad391c19efc9dce4981c690c85a33a12199d99bb9546fee"
dependencies = [
 "borsh-derive",
 "hashbrown 0.13.2",
]

[[package]]
name = "borsh-derive"
version = "0.10.4"
source = "registry+https://github.com/rust-lang/crates.io-index"
checksum = "831213f80d9423998dd696e2c5345aba6be7a0bd8cd19e31c5243e13df1cef89"
dependencies = [
 "borsh-derive-internal",
 "borsh-schema-derive-internal",
 "proc-macro-crate",
 "proc-macro2",
 "syn 1.0.109",
]

[[package]]
name = "borsh-derive-internal"
version = "0.10.4"
source = "registry+https://github.com/rust-lang/crates.io-index"
checksum = "65d6ba50644c98714aa2a70d13d7df3cd75cd2b523a2b452bf010443800976b3"
dependencies = [
 "proc-macro2",
 "quote",
 "syn 1.0.109",
]

[[package]]
name = "borsh-schema-derive-internal"
version = "0.10.4"
source = "registry+https://github.com/rust-lang/crates.io-index"
checksum = "276691d96f063427be83e6692b86148e488ebba9f48f77788724ca027ba3b6d4"
dependencies = [
 "proc-macro2",
 "quote",
 "syn 1.0.109",
]

[[package]]
name = "bs58"
version = "0.5.1"
source = "registry+https://github.com/rust-lang/crates.io-index"
checksum = "bf88ba1141d185c399bee5288d850d63b8369520c1eafc32a0430b5b6c287bf4"
dependencies = [
 "tinyvec",
]

[[package]]
name = "bumpalo"
version = "3.19.1"
source = "registry+https://github.com/rust-lang/crates.io-index"
checksum = "5dd9dc738b7a8311c7ade152424974d8115f2cdad61e8dab8dac9f2362298510"

[[package]]
name = "cfg-if"
version = "1.0.4"
source = "registry+https://github.com/rust-lang/crates.io-index"
checksum = "9330f8b2ff13f34540b44e946ef35111825727b38d33286ef986142615121801"

[[package]]
name = "cpufeatures"
version = "0.2.17"
source = "registry+https://github.com/rust-lang/crates.io-index"
checksum = "59ed5838eebb26a2bb2e58f6d5b5316989ae9d08bab10e0e6d103e656d1b0280"
dependencies = [
 "libc",
]

[[package]]
name = "crypto-common"
version = "0.1.7"
source = "registry+https://github.com/rust-lang/crates.io-index"
checksum = "78c8292055d1c1df0cce5d180393dc8cce0abec0a7102adb6c7b1eef6016d60a"
dependencies = [
 "generic-array",
 "typenum",
]

[[package]]
name = "curve25519-dalek"
version = "4.1.3"
source = "registry+https://github.com/rust-lang/crates.io-index"
checksum = "97fb8b7c4503de7d6ae7b42ab72a5a59857b4c937ec27a3d4539dba95b5ab2be"
dependencies = [
 "cfg-if",
 "cpufeatures",
 "curve25519-dalek-derive",
 "digest",
 "fiat-crypto",
 "rand_core",
 "rustc_version",
 "subtle",
 "zeroize",
]

[[package]]
name = "curve25519-dalek-derive"
version = "0.1.1"
source = "registry+https://github.com/rust-lang/crates.io-index"
checksum = "f46882e17999c6cc590af592290432be3bce0428cb0d5f8b6715e4dc7b383eb3"
dependencies = [
 "proc-macro2",
 "quote",
 "syn 2.0.114",
]

[[package]]
name = "digest"
version = "0.10.7"
source = "registry+https://github.com/rust-lang/crates.io-index"
checksum = "9ed9a281f7bc9b7576e61468ba615a66a5c8cfdff42420a70aa82701a3b1e292"
dependencies = [
 "block-buffer",
 "crypto-common",
]

[[package]]
name = "educe"
version = "0.6.0"
source = "registry+https://github.com/rust-lang/crates.io-index"
checksum = "1d7bc049e1bd8cdeb31b68bbd586a9464ecf9f3944af3958a7a9d0f8b9799417"
dependencies = [
 "enum-ordinalize",
 "proc-macro2",
 "quote",
 "syn 2.0.114",
]

[[package]]
name = "either"
version = "1.15.0"
source = "registry+https://github.com/rust-lang/crates.io-index"
checksum = "48c757948c5ede0e46177b7add2e67155f70e33c07fea8284df6576da70b3719"

[[package]]
name = "enum-ordinalize"
version = "4.3.2"
source = "registry+https://github.com/rust-lang/crates.io-index"
checksum = "4a1091a7bb1f8f2c4b28f1fe2cef4980ca2d410a3d727d67ecc3178c9b0800f0"
dependencies = [
 "enum-ordinalize-derive",
]

[[package]]
name = "enum-ordinalize-derive"
version = "4.3.2"
source = "registry+https://github.com/rust-lang/crates.io-index"
checksum = "8ca9601fb2d62598ee17836250842873a413586e5d7ed88b356e38ddbb0ec631"
dependencies = [
 "proc-macro2",
 "quote",
 "syn 2.0.114",
]

[[package]]
name = "fiat-crypto"
version = "0.2.9"
source = "registry+https://github.com/rust-lang/crates.io-index"
checksum = "28dea519a9695b9977216879a3ebfddf92f1c08c05d984f8996aecd6ecdc811d"

[[package]]
name = "five8"
version = "0.2.1"
source = "registry+https://github.com/rust-lang/crates.io-index"
checksum = "a75b8549488b4715defcb0d8a8a1c1c76a80661b5fa106b4ca0e7fce59d7d875"
dependencies = [
 "five8_core",
]

[[package]]
name = "five8_const"
version = "0.1.4"
source = "registry+https://github.com/rust-lang/crates.io-index"
checksum = "26dec3da8bc3ef08f2c04f61eab298c3ab334523e55f076354d6d6f613799a7b"
dependencies = [
 "five8_core",
]

[[package]]
name = "five8_core"
version = "0.1.2"
source = "registry+https://github.com/rust-lang/crates.io-index"
checksum = "2551bf44bc5f776c15044b9b94153a00198be06743e262afaaa61f11ac7523a5"

[[package]]
name = "fnv"
version = "1.0.7"
source = "registry+https://github.com/rust-lang/crates.io-index"
checksum = "3f9eec918d3f24069decb9af1554cad7c880e2da24a9afd88aca000531ab82c1"

[[package]]
name = "generic-array"
version = "0.14.7"
source = "registry+https://github.com/rust-lang/crates.io-index"
checksum = "85649ca51fd72272d7821adaf274ad91c288277713d9c18820d8499a7ff69e9a"
dependencies = [
 "typenum",
 "version_check",
]

[[package]]
name = "getrandom"
version = "0.2.17"
source = "registry+https://github.com/rust-lang/crates.io-index"
checksum = "ff2abc00be7fca6ebc474524697ae276ad847ad0a6b3faa4bcb027e9a4614ad0"
dependencies = [
 "cfg-if",
 "js-sys",
 "libc",
 "wasi",
 "wasm-bindgen",
]

[[package]]
name = "hashbrown"
version = "0.13.2"
source = "registry+https://github.com/rust-lang/crates.io-index"
checksum = "43a3c133739dddd0d2990f9a4bdf8eb4b21ef50e4851ca85ab661199821d510e"
dependencies = [
 "ahash",
]

[[package]]
name = "hashbrown"
version = "0.15.5"
source = "registry+https://github.com/rust-lang/crates.io-index"
checksum = "9229cfe53dfd69f0609a49f65461bd93001ea1ef889cd5529dd176593f5338a1"
dependencies = [
 "allocator-api2",
]

[[package]]
name = "itertools"
version = "0.13.0"
source = "registry+https://github.com/rust-lang/crates.io-index"
checksum = "413ee7dfc52ee1a4949ceeb7dbc8a33f2d6c088194d9f922fb8318faf1f01186"
dependencies = [
 "either",
]

[[package]]
name = "js-sys"
version = "0.3.83"
source = "registry+https://github.com/rust-lang/crates.io-index"
checksum = "464a3709c7f55f1f721e5389aa6ea4e3bc6aba669353300af094b29ffbdde1d8"
dependencies = [
 "once_cell",
 "wasm-bindgen",
]

[[package]]
name = "lazy_static"
version = "1.5.0"
source = "registry+https://github.com/rust-lang/crates.io-index"
checksum = "bbd2bcb4c963f2ddae06a2efc7e9f3591312473c50c6685e1f298068316e66fe"

[[package]]
name = "libc"
version = "0.2.180"
source = "registry+https://github.com/rust-lang/crates.io-index"
checksum = "bcc35a38544a891a5f7c865aca548a982ccb3b8650a5b06d0fd33a10283c56fc"

[[package]]
name = "light-compressed-account"
version = "0.7.0"
source = "registry+https://github.com/rust-lang/crates.io-index"
checksum = "058df2733fa6a3e4bda6f162a6c5d41f10fc8c6f6ddb992af1de76b60214e4a6"
dependencies = [
 "borsh",
 "light-hasher",
 "light-macros",
 "light-program-profiler",
 "light-zero-copy",
 "thiserror 2.0.17",
 "tinyvec",
 "zerocopy",
]

[[package]]
name = "light-hasher"
version = "5.0.0"
source = "registry+https://github.com/rust-lang/crates.io-index"
checksum = "c822662e6e109bac0e132a43fd52a4ef684811245a794e048cf9cda001e934c8"
dependencies = [
 "ark-bn254",
 "ark-ff",
 "borsh",
 "light-poseidon",
 "num-bigint",
 "thiserror 2.0.17",
 "tinyvec",
]

[[package]]
name = "light-indexed-array"
version = "0.3.0"
source = "registry+https://github.com/rust-lang/crates.io-index"
checksum = "0f14f984030d86b6f07bd8f5ae04e2c40fcd0c3bdfcc7a291fff1ed59c9e6554"
dependencies = [
 "light-hasher",
 "num-bigint",
 "num-traits",
 "thiserror 2.0.17",
]

[[package]]
name = "light-macros"
version = "2.2.0"
source = "registry+https://github.com/rust-lang/crates.io-index"
checksum = "179ac51cadc1d0ca047b4d6265a7cc245ca3affc16a20a2749585aa6464d39c2"
dependencies = [
 "bs58",
 "proc-macro2",
 "quote",
 "solana-pubkey",
 "syn 2.0.114",
]

[[package]]
name = "light-poseidon"
version = "0.3.0"
source = "registry+https://github.com/rust-lang/crates.io-index"
checksum = "39e3d87542063daaccbfecd78b60f988079b6ec4e089249658b9455075c78d42"
dependencies = [
 "ark-bn254",
 "ark-ff",
 "num-bigint",
 "thiserror 1.0.69",
]

[[package]]
name = "light-profiler-macro"
version = "0.1.1"
source = "registry+https://github.com/rust-lang/crates.io-index"
checksum = "0a8be18fe4de58a6f754caa74a3fbc6d8a758a26f1f3c24d5b0f5b55df5f5408"
dependencies = [
 "proc-macro2",
 "quote",
 "syn 2.0.114",
]

[[package]]
name = "light-program-profiler"
version = "0.1.1"
source = "registry+https://github.com/rust-lang/crates.io-index"
checksum = "d1d345871581aebd8825868a3f08410290aa1cdddcb189ca7f7e588f61d79fcf"
dependencies = [
 "light-profiler-macro",
]

[[package]]
name = "light-sparse-merkle-tree"
version = "0.3.0"
source = "registry+https://github.com/rust-lang/crates.io-index"
checksum = "4251e79b6c63f4946572dcfd7623680ad0f9e0efe1a761a944733333c5645063"
dependencies = [
 "light-hasher",
 "light-indexed-array",
 "num-bigint",
 "num-traits",
 "thiserror 2.0.17",
]

[[package]]
name = "light-zero-copy"
version = "0.5.0"
source = "registry+https://github.com/rust-lang/crates.io-index"
checksum = "6a8862f463792fd60ae8f5dc418150c16213e302e19d54fba0694cf8515be5ff"
dependencies = [
 "light-zero-copy-derive",
 "zerocopy",
]

[[package]]
name = "light-zero-copy-derive"
version = "0.5.0"
source = "registry+https://github.com/rust-lang/crates.io-index"
checksum = "8af086d52100b3cab1f2993b146adc7a69fa6aaa878ae4c19514c77c50304379"
dependencies = [
 "lazy_static",
 "proc-macro2",
 "quote",
 "syn 2.0.114",
]

[[package]]
name = "lock_api"
version = "0.4.14"
source = "registry+https://github.com/rust-lang/crates.io-index"
checksum = "224399e74b87b5f3557511d98dff8b14089b3dadafcab6bb93eab67d3aace965"
dependencies = [
 "scopeguard",
]

[[package]]
name = "num-bigint"
version = "0.4.6"
source = "registry+https://github.com/rust-lang/crates.io-index"
checksum = "a5e44f723f1133c9deac646763579fdb3ac745e418f2a7af9cd0c431da1f20b9"
dependencies = [
 "num-integer",
 "num-traits",
]

[[package]]
name = "num-integer"
version = "0.1.46"
source = "registry+https://github.com/rust-lang/crates.io-index"
checksum = "7969661fd2958a5cb096e56c8e1ad0444ac2bbcd0061bd28660485a44879858f"
dependencies = [
 "num-traits",
]

[[package]]
name = "num-traits"
version = "0.2.19"
source = "registry+https://github.com/rust-lang/crates.io-index"
checksum = "071dfc062690e90b734c0b2273ce72ad0ffa95f0c74596bc250dcfd960262841"
dependencies = [
 "autocfg",
]

[[package]]
name = "once_cell"
version = "1.21.3"
source = "registry+https://github.com/rust-lang/crates.io-index"
checksum = "42f5e15c9953c5e4ccceeb2e7382a716482c34515315f7b03532b8b4e8393d2d"

[[package]]
name = "parking_lot"
version = "0.12.5"
source = "registry+https://github.com/rust-lang/crates.io-index"
checksum = "93857453250e3077bd71ff98b6a65ea6621a19bb0f559a85248955ac12c45a1a"
dependencies = [
 "lock_api",
 "parking_lot_core",
]

[[package]]
name = "parking_lot_core"
version = "0.9.12"
source = "registry+https://github.com/rust-lang/crates.io-index"
checksum = "2621685985a2ebf1c516881c026032ac7deafcda1a2c9b7850dc81e3dfcb64c1"
dependencies = [
 "cfg-if",
 "libc",
 "redox_syscall",
 "smallvec",
 "windows-link",
]

[[package]]
name = "paste"
version = "1.0.15"
source = "registry+https://github.com/rust-lang/crates.io-index"
checksum = "57c0d7b74b563b49d38dae00a0c37d4d6de9b432382b2892f0574ddcae73fd0a"

[[package]]
name = "ppv-lite86"
version = "0.2.21"
source = "registry+https://github.com/rust-lang/crates.io-index"
checksum = "85eae3c4ed2f50dcfe72643da4befc30deadb458a9b590d720cde2f2b1e97da9"
dependencies = [
 "zerocopy",
]

[[package]]
name = "proc-macro-crate"
version = "0.1.5"
source = "registry+https://github.com/rust-lang/crates.io-index"
checksum = "1d6ea3c4595b96363c13943497db34af4460fb474a95c43f4446ad341b8c9785"
dependencies = [
 "toml",
]

[[package]]
name = "proc-macro2"
version = "1.0.105"
source = "registry+https://github.com/rust-lang/crates.io-index"
checksum = "535d180e0ecab6268a3e718bb9fd44db66bbbc256257165fc699dadf70d16fe7"
dependencies = [
 "unicode-ident",
]

[[package]]
name = "quote"
version = "1.0.43"
source = "registry+https://github.com/rust-lang/crates.io-index"
checksum = "dc74d9a594b72ae6656596548f56f667211f8a97b3d4c3d467150794690dc40a"
dependencies = [
 "proc-macro2",
]

[[package]]
name = "rand"
version = "0.8.5"
source = "registry+https://github.com/rust-lang/crates.io-index"
checksum = "34af8d1a0e25924bc5b7c43c079c942339d8f0a8b57c39049bef581b46327404"
dependencies = [
 "rand_chacha",
 "rand_core",
]

[[package]]
name = "rand_chacha"
version = "0.3.1"
source = "registry+https://github.com/rust-lang/crates.io-index"
checksum = "e6c10a63a0fa32252be49d21e7709d4d4baf8d231c2dbce1eaa8141b9b127d88"
dependencies = [
 "ppv-lite86",
 "rand_core",
]

[[package]]
name = "rand_core"
version = "0.6.4"
source = "registry+https://github.com/rust-lang/crates.io-index"
checksum = "ec0be4795e2f6a28069bec0b5ff3e2ac9bafc99e6a9a7dc3547996c5c816922c"

[[package]]
name = "redox_syscall"
version = "0.5.18"
source = "registry+https://github.com/rust-lang/crates.io-index"
checksum = "ed2bf2547551a7053d6fdfafda3f938979645c44812fbfcda098faae3f1a362d"
dependencies = [
 "bitflags",
]

[[package]]
name = "rustc_version"
version = "0.4.1"
source = "registry+https://github.com/rust-lang/crates.io-index"
checksum = "cfcb3a22ef46e85b45de6ee7e79d063319ebb6594faafcf1c225ea92ab6e9b92"
dependencies = [
 "semver",
]

[[package]]
name = "rustversion"
version = "1.0.22"
source = "registry+https://github.com/rust-lang/crates.io-index"
checksum = "b39cdef0fa800fc44525c84ccb54a029961a8215f9619753635a9c0d2538d46d"

[[package]]
name = "scopeguard"
version = "1.2.0"
source = "registry+https://github.com/rust-lang/crates.io-index"
checksum = "94143f37725109f92c262ed2cf5e59bce7498c01bcc1502d7b9afe439a4e9f49"

[[package]]
name = "semver"
version = "1.0.27"
source = "registry+https://github.com/rust-lang/crates.io-index"
checksum = "d767eb0aabc880b29956c35734170f26ed551a859dbd361d140cdbeca61ab1e2"

[[package]]
name = "serde"
version = "1.0.228"
source = "registry+https://github.com/rust-lang/crates.io-index"
checksum = "9a8e94ea7f378bd32cbbd37198a4a91436180c5bb472411e48b5ec2e2124ae9e"
dependencies = [
 "serde_core",
]

[[package]]
name = "serde_core"
version = "1.0.228"
source = "registry+https://github.com/rust-lang/crates.io-index"
checksum = "41d385c7d4ca58e59fc732af25c3983b67ac852c1a25000afe1175de458b67ad"
dependencies = [
 "serde_derive",
]

[[package]]
name = "serde_derive"
version = "1.0.228"
source = "registry+https://github.com/rust-lang/crates.io-index"
checksum = "d540f220d3187173da220f885ab66608367b6574e925011a9353e4badda91d79"
dependencies = [
 "proc-macro2",
 "quote",
 "syn 2.0.114",
]

[[package]]
name = "sha2"
version = "0.10.9"
source = "registry+https://github.com/rust-lang/crates.io-index"
checksum = "a7507d819769d01a365ab707794a4084392c824f54a7a6a7862f8c3d0892b283"
dependencies = [
 "cfg-if",
 "cpufeatures",
 "digest",
]

[[package]]
name = "smallvec"
version = "1.15.1"
source = "registry+https://github.com/rust-lang/crates.io-index"
checksum = "67b1b7a3b5fe4f1376887184045fcf45c69e92af734b7aaddc05fb777b6fbd03"

[[package]]
name = "solana-atomic-u64"
version = "2.2.1"
source = "registry+https://github.com/rust-lang/crates.io-index"
checksum = "d52e52720efe60465b052b9e7445a01c17550666beec855cce66f44766697bc2"
dependencies = [
 "parking_lot",
]

[[package]]
name = "solana-decode-error"
version = "2.3.0"
source = "registry+https://github.com/rust-lang/crates.io-index"
checksum = "8c781686a18db2f942e70913f7ca15dc120ec38dcab42ff7557db2c70c625a35"
dependencies = [
 "num-traits",
]

[[package]]
name = "solana-define-syscall"
version = "2.3.0"
source = "registry+https://github.com/rust-lang/crates.io-index"
checksum = "2ae3e2abcf541c8122eafe9a625d4d194b4023c20adde1e251f94e056bb1aee2"

[[package]]
name = "solana-hash"
version = "2.3.0"
source = "registry+https://github.com/rust-lang/crates.io-index"
checksum = "b5b96e9f0300fa287b545613f007dfe20043d7812bee255f418c1eb649c93b63"
dependencies = [
 "five8",
 "js-sys",
 "solana-atomic-u64",
 "solana-sanitize",
 "wasm-bindgen",
]

[[package]]
name = "solana-pubkey"
version = "2.4.0"
source = "registry+https://github.com/rust-lang/crates.io-index"
checksum = "9b62adb9c3261a052ca1f999398c388f1daf558a1b492f60a6d9e64857db4ff1"
dependencies = [
 "curve25519-dalek",
 "five8",
 "five8_const",
 "getrandom",
 "js-sys",
 "num-traits",
 "solana-atomic-u64",
 "solana-decode-error",
 "solana-define-syscall",
 "solana-sanitize",
 "solana-sha256-hasher",
 "wasm-bindgen",
]

[[package]]
name = "solana-sanitize"
version = "2.2.1"
source = "registry+https://github.com/rust-lang/crates.io-index"
checksum = "61f1bc1357b8188d9c4a3af3fc55276e56987265eb7ad073ae6f8180ee54cecf"

[[package]]
name = "solana-sha256-hasher"
version = "2.3.0"
source = "registry+https://github.com/rust-lang/crates.io-index"
checksum = "5aa3feb32c28765f6aa1ce8f3feac30936f16c5c3f7eb73d63a5b8f6f8ecdc44"
dependencies = [
 "sha2",
 "solana-define-syscall",
 "solana-hash",
]

[[package]]
name = "subtle"
version = "2.6.1"
source = "registry+https://github.com/rust-lang/crates.io-index"
checksum = "13c2bddecc57b384dee18652358fb23172facb8a2c51ccc10d74c157bdea3292"

[[package]]
name = "syn"
version = "1.0.109"
source = "registry+https://github.com/rust-lang/crates.io-index"
checksum = "72b64191b275b66ffe2469e8af2c1cfe3bafa67b529ead792a6d0160888b4237"
dependencies = [
 "proc-macro2",
 "quote",
 "unicode-ident",
]

[[package]]
name = "syn"
version = "2.0.114"
source = "registry+https://github.com/rust-lang/crates.io-index"
checksum = "d4d107df263a3013ef9b1879b0df87d706ff80f65a86ea879bd9c31f9b307c2a"
dependencies = [
 "proc-macro2",
 "quote",
 "unicode-ident",
]

[[package]]
name = "thiserror"
version = "1.0.69"
source = "registry+https://github.com/rust-lang/crates.io-index"
checksum = "b6aaf5339b578ea85b50e080feb250a3e8ae8cfcdff9a461c9ec2904bc923f52"
dependencies = [
 "thiserror-impl 1.0.69",
]

[[package]]
name = "thiserror"
version = "2.0.17"
source = "registry+https://github.com/rust-lang/crates.io-index"
checksum = "f63587ca0f12b72a0600bcba1d40081f830876000bb46dd2337a3051618f4fc8"
dependencies = [
 "thiserror-impl 2.0.17",
]

[[package]]
name = "thiserror-impl"
version = "1.0.69"
source = "registry+https://github.com/rust-lang/crates.io-index"
checksum = "4fee6c4efc90059e10f81e6d42c60a18f76588c3d74cb83a0b242a2b6c7504c1"
dependencies = [
 "proc-macro2",
 "quote",
 "syn 2.0.114",
]

[[package]]
name = "thiserror-impl"
version = "2.0.17"
source = "registry+https://github.com/rust-lang/crates.io-index"
checksum = "3ff15c8ecd7de3849db632e14d18d2571fa09dfc5ed93479bc4485c7a517c913"
dependencies = [
 "proc-macro2",
 "quote",
 "syn 2.0.114",
]

[[package]]
name = "tinyvec"
version = "1.10.0"
source = "registry+https://github.com/rust-lang/crates.io-index"
checksum = "bfa5fdc3bce6191a1dbc8c02d5c8bffcf557bafa17c124c5264a458f1b0613fa"
dependencies = [
 "tinyvec_macros",
]

[[package]]
name = "tinyvec_macros"
version = "0.1.1"
source = "registry+https://github.com/rust-lang/crates.io-index"
checksum = "1f3ccbac311fea05f86f61904b462b55fb3df8837a366dfc601a0161d0532f20"

[[package]]
name = "toml"
version = "0.5.11"
source = "registry+https://github.com/rust-lang/crates.io-index"
checksum = "f4f7f0dd8d50a853a531c426359045b1998f04219d88799810762cd4ad314234"
dependencies = [
 "serde",
]

[[package]]
name = "transfer-tree"
version = "0.1.0"
dependencies = [
 "light-compressed-account",
 "light-hasher",
 "light-sparse-merkle-tree",
]

[[package]]
name = "typenum"
version = "1.19.0"
source = "registry+https://github.com/rust-lang/crates.io-index"
checksum = "562d481066bde0658276a35467c4af00bdc6ee726305698a55b86e61d7ad82bb"

[[package]]
name = "unicode-ident"
version = "1.0.22"
source = "registry+https://github.com/rust-lang/crates.io-index"
checksum = "9312f7c4f6ff9069b165498234ce8be658059c6728633667c526e27dc2cf1df5"

[[package]]
name = "version_check"
version = "0.9.5"
source = "registry+https://github.com/rust-lang/crates.io-index"
checksum = "0b928f33d975fc6ad9f86c8f283853ad26bdd5b10b7f1542aa2fa15e2289105a"

[[package]]
name = "wasi"
version = "0.11.1+wasi-snapshot-preview1"
source = "registry+https://github.com/rust-lang/crates.io-index"
checksum = "ccf3ec651a847eb01de73ccad15eb7d99f80485de043efb2f370cd654f4ea44b"

[[package]]
name = "wasm-bindgen"
version = "0.2.106"
source = "registry+https://github.com/rust-lang/crates.io-index"
checksum = "0d759f433fa64a2d763d1340820e46e111a7a5ab75f993d1852d70b03dbb80fd"
dependencies = [
 "cfg-if",
 "once_cell",
 "rustversion",
 "wasm-bindgen-macro",
 "wasm-bindgen-shared",
]

[[package]]
name = "wasm-bindgen-macro"
version = "0.2.106"
source = "registry+https://github.com/rust-lang/crates.io-index"
checksum = "48cb0d2638f8baedbc542ed444afc0644a29166f1595371af4fecf8ce1e7eeb3"
dependencies = [
 "quote",
 "wasm-bindgen-macro-support",
]

[[package]]
name = "wasm-bindgen-macro-support"
version = "0.2.106"
source = "registry+https://github.com/rust-lang/crates.io-index"
checksum = "cefb59d5cd5f92d9dcf80e4683949f15ca4b511f4ac0a6e14d4e1ac60c6ecd40"
dependencies = [
 "bumpalo",
 "proc-macro2",
 "quote",
 "syn 2.0.114",
 "wasm-bindgen-shared",
]

[[package]]
name = "wasm-bindgen-shared"
version = "0.2.106"
source = "registry+https://github.com/rust-lang/crates.io-index"
checksum = "cbc538057e648b67f72a982e708d485b2efa771e1ac05fec311f9f63e5800db4"
dependencies = [
 "unicode-ident",
]

[[package]]
name = "windows-link"
version = "0.2.1"
source = "registry+https://github.com/rust-lang/crates.io-index"
checksum = "f0805222e57f7521d6a62e36fa9163bc891acd422f971defe97d64e70d0a4fe5"

[[package]]
name = "zerocopy"
version = "0.8.33"
source = "registry+https://github.com/rust-lang/crates.io-index"
checksum = "668f5168d10b9ee831de31933dc111a459c97ec93225beb307aed970d1372dfd"
dependencies = [
 "zerocopy-derive",
]

[[package]]
name = "zerocopy-derive"
version = "0.8.33"
source = "registry+https://github.com/rust-lang/crates.io-index"
checksum = "2c7962b26b0a8685668b671ee4b54d007a67d4eaf05fda79ac0ecf41e32270f1"
dependencies = [
 "proc-macro2",
 "quote",
 "syn 2.0.114",
]

[[package]]
name = "zeroize"
version = "1.8.2"
source = "registry+https://github.com/rust-lang/crates.io-index"
checksum = "b97154e67e32c85465826e8bcc1c59429aaaf107c1e4a9e53c8d8ccd5eff88d0"
dependencies = [
 "zeroize_derive",
]

[[package]]
name = "zeroize_derive"
version = "1.4.3"
source = "registry+https://github.com/rust-lang/crates.io-index"
checksum = "85a5b4158499876c763cb03bc4e49185d3cccbabb15b33c627f7884f43db852e"
dependencies = [
 "proc-macro2",
 "quote",
 "syn 2.0.114",
]
